
Microsoft Visual Studio Solution File, Format Version 12.00
# Visual Studio Version 16
VisualStudioVersion = 16.0.30413.136
MinimumVisualStudioVersion = 10.0.40219.1
Project("{FAE04EC0-301F-11D3-BF4B-00C04F79EFBC}") = "Lab9", "Lab9.csproj", "{83F9B58A-CCB5-4FAC-8F52-BA45DCABF50A}"
EndProject
Global
	GlobalSection(SolutionConfigurationPlatforms) = preSolution
		Debug|Any CPU = Debug|Any CPU
		Release|Any CPU = Release|Any CPU
	EndGlobalSection
	GlobalSection(ProjectConfigurationPlatforms) = postSolution
		{83F9B58A-CCB5-4FAC-8F52-BA45DCABF50A}.Debug|Any CPU.ActiveCfg = Debug|Any CPU
		{83F9B58A-CCB5-4FAC-8F52-BA45DCABF50A}.Debug|Any CPU.Build.0 = Debug|Any CPU
		{83F9B58A-CCB5-4FAC-8F52-BA45DCABF50A}.Release|Any CPU.ActiveCfg = Release|Any CPU
		{83F9B58A-CCB5-4FAC-8F52-BA45DCABF50A}.Release|Any CPU.Build.0 = Release|Any CPU
	EndGlobalSection
	GlobalSection(SolutionProperties) = preSolution
		HideSolutionNode = FALSE
	EndGlobalSection
	GlobalSection(ExtensibilityGlobals) = postSolution
		SolutionGuid = {C7B63EFD-B163-43FD-A889-3A1430D80055}
	EndGlobalSection
EndGlobal
