
Microsoft Visual Studio Solution File, Format Version 12.00
# Visual Studio Version 16
VisualStudioVersion = 16.0.30413.136
MinimumVisualStudioVersion = 10.0.40219.1
Project("{FAE04EC0-301F-11D3-BF4B-00C04F79EFBC}") = "Lab7", "Lab7.csproj", "{ECDD929D-9398-4023-9B82-0B7FD56FEDFE}"
EndProject
Global
	GlobalSection(SolutionConfigurationPlatforms) = preSolution
		Debug|Any CPU = Debug|Any CPU
		Release|Any CPU = Release|Any CPU
	EndGlobalSection
	GlobalSection(ProjectConfigurationPlatforms) = postSolution
		{ECDD929D-9398-4023-9B82-0B7FD56FEDFE}.Debug|Any CPU.ActiveCfg = Debug|Any CPU
		{ECDD929D-9398-4023-9B82-0B7FD56FEDFE}.Debug|Any CPU.Build.0 = Debug|Any CPU
		{ECDD929D-9398-4023-9B82-0B7FD56FEDFE}.Release|Any CPU.ActiveCfg = Release|Any CPU
		{ECDD929D-9398-4023-9B82-0B7FD56FEDFE}.Release|Any CPU.Build.0 = Release|Any CPU
	EndGlobalSection
	GlobalSection(SolutionProperties) = preSolution
		HideSolutionNode = FALSE
	EndGlobalSection
	GlobalSection(ExtensibilityGlobals) = postSolution
		SolutionGuid = {A253FF43-ED28-4765-A6BB-884703394AAD}
	EndGlobalSection
EndGlobal
