
Microsoft Visual Studio Solution File, Format Version 12.00
# Visual Studio Version 16
VisualStudioVersion = 16.0.30413.136
MinimumVisualStudioVersion = 10.0.40219.1
Project("{FAE04EC0-301F-11D3-BF4B-00C04F79EFBC}") = "ConsoleApp1", "ConsoleApp1.csproj", "{50354F1F-E723-452A-BD22-AF36174BA17C}"
EndProject
Global
	GlobalSection(SolutionConfigurationPlatforms) = preSolution
		Debug|Any CPU = Debug|Any CPU
		Release|Any CPU = Release|Any CPU
	EndGlobalSection
	GlobalSection(ProjectConfigurationPlatforms) = postSolution
		{50354F1F-E723-452A-BD22-AF36174BA17C}.Debug|Any CPU.ActiveCfg = Debug|Any CPU
		{50354F1F-E723-452A-BD22-AF36174BA17C}.Debug|Any CPU.Build.0 = Debug|Any CPU
		{50354F1F-E723-452A-BD22-AF36174BA17C}.Release|Any CPU.ActiveCfg = Release|Any CPU
		{50354F1F-E723-452A-BD22-AF36174BA17C}.Release|Any CPU.Build.0 = Release|Any CPU
	EndGlobalSection
	GlobalSection(SolutionProperties) = preSolution
		HideSolutionNode = FALSE
	EndGlobalSection
	GlobalSection(ExtensibilityGlobals) = postSolution
		SolutionGuid = {AC5D6AA2-5474-4EC6-8D89-0BB631004DD1}
	EndGlobalSection
EndGlobal
